
Microsoft Visual Studio Solution File, Format Version 12.00
# Visual Studio Version 17
VisualStudioVersion = 17.7.34031.279
MinimumVisualStudioVersion = 10.0.40219.1
Project("{2150E333-8FDC-42A3-9474-1A3956D46DE8}") = "LMS", "LMS", "{8AB25D66-9B69-40F8-A89F-3186D64B95F9}"
EndProject
Project("{2150E333-8FDC-42A3-9474-1A3956D46DE8}") = "Identity", "Identity", "{A9EB5514-08AF-47DC-A4D1-45E6D584D138}"
EndProject
Project("{9A19103F-16F7-4668-BE54-9A1E7A4F7556}") = "Identity.Data", "Identity.Data\Identity.Data.csproj", "{844B68FF-ED3E-427A-BC3C-DFDF1E52EB7F}"
EndProject
Project("{9A19103F-16F7-4668-BE54-9A1E7A4F7556}") = "Identity.Domain", "Identity.Domain\Identity.Domain.csproj", "{AEAE5428-81E1-433C-993E-3F9152DF33E5}"
EndProject
Project("{9A19103F-16F7-4668-BE54-9A1E7A4F7556}") = "Identity.WebAPI", "Identity.WebAPI\Identity.WebAPI.csproj", "{E6F40C75-708F-4251-A56B-538AC75E8DCA}"
EndProject
Project("{FAE04EC0-301F-11D3-BF4B-00C04F79EFBC}") = "LMS.Data", "LMS.Data\LMS.Data.csproj", "{4C2E8CF4-E6DA-4BBC-9354-16E6D2C47E69}"
EndProject
Project("{FAE04EC0-301F-11D3-BF4B-00C04F79EFBC}") = "LMS.Domain", "LMS.Domain\LMS.Domain.csproj", "{FDC3399D-4ACC-423A-BA7A-713312CC2CEF}"
EndProject
Project("{FAE04EC0-301F-11D3-BF4B-00C04F79EFBC}") = "LMS.WebAPI", "LMS.API\LMS.WebAPI.csproj", "{DEE82AD3-2C06-4B72-B3FD-3F1F6E2CE1D5}"
EndProject
Project("{9A19103F-16F7-4668-BE54-9A1E7A4F7556}") = "RedBook.Core", "RedBook.Core\RedBook.Core.csproj", "{C83AB39A-5D53-4AFE-BA4A-5A3626AC9CB7}"
EndProject
Global
	GlobalSection(SolutionConfigurationPlatforms) = preSolution
		Debug|Any CPU = Debug|Any CPU
		Release|Any CPU = Release|Any CPU
	EndGlobalSection
	GlobalSection(ProjectConfigurationPlatforms) = postSolution
		{844B68FF-ED3E-427A-BC3C-DFDF1E52EB7F}.Debug|Any CPU.ActiveCfg = Debug|Any CPU
		{844B68FF-ED3E-427A-BC3C-DFDF1E52EB7F}.Debug|Any CPU.Build.0 = Debug|Any CPU
		{844B68FF-ED3E-427A-BC3C-DFDF1E52EB7F}.Release|Any CPU.ActiveCfg = Release|Any CPU
		{844B68FF-ED3E-427A-BC3C-DFDF1E52EB7F}.Release|Any CPU.Build.0 = Release|Any CPU
		{AEAE5428-81E1-433C-993E-3F9152DF33E5}.Debug|Any CPU.ActiveCfg = Debug|Any CPU
		{AEAE5428-81E1-433C-993E-3F9152DF33E5}.Debug|Any CPU.Build.0 = Debug|Any CPU
		{AEAE5428-81E1-433C-993E-3F9152DF33E5}.Release|Any CPU.ActiveCfg = Release|Any CPU
		{AEAE5428-81E1-433C-993E-3F9152DF33E5}.Release|Any CPU.Build.0 = Release|Any CPU
		{E6F40C75-708F-4251-A56B-538AC75E8DCA}.Debug|Any CPU.ActiveCfg = Debug|Any CPU
		{E6F40C75-708F-4251-A56B-538AC75E8DCA}.Debug|Any CPU.Build.0 = Debug|Any CPU
		{E6F40C75-708F-4251-A56B-538AC75E8DCA}.Release|Any CPU.ActiveCfg = Release|Any CPU
		{E6F40C75-708F-4251-A56B-538AC75E8DCA}.Release|Any CPU.Build.0 = Release|Any CPU
		{4C2E8CF4-E6DA-4BBC-9354-16E6D2C47E69}.Debug|Any CPU.ActiveCfg = Debug|Any CPU
		{4C2E8CF4-E6DA-4BBC-9354-16E6D2C47E69}.Debug|Any CPU.Build.0 = Debug|Any CPU
		{4C2E8CF4-E6DA-4BBC-9354-16E6D2C47E69}.Release|Any CPU.ActiveCfg = Release|Any CPU
		{4C2E8CF4-E6DA-4BBC-9354-16E6D2C47E69}.Release|Any CPU.Build.0 = Release|Any CPU
		{FDC3399D-4ACC-423A-BA7A-713312CC2CEF}.Debug|Any CPU.ActiveCfg = Debug|Any CPU
		{FDC3399D-4ACC-423A-BA7A-713312CC2CEF}.Debug|Any CPU.Build.0 = Debug|Any CPU
		{FDC3399D-4ACC-423A-BA7A-713312CC2CEF}.Release|Any CPU.ActiveCfg = Release|Any CPU
		{FDC3399D-4ACC-423A-BA7A-713312CC2CEF}.Release|Any CPU.Build.0 = Release|Any CPU
		{DEE82AD3-2C06-4B72-B3FD-3F1F6E2CE1D5}.Debug|Any CPU.ActiveCfg = Debug|Any CPU
		{DEE82AD3-2C06-4B72-B3FD-3F1F6E2CE1D5}.Debug|Any CPU.Build.0 = Debug|Any CPU
		{DEE82AD3-2C06-4B72-B3FD-3F1F6E2CE1D5}.Release|Any CPU.ActiveCfg = Release|Any CPU
		{DEE82AD3-2C06-4B72-B3FD-3F1F6E2CE1D5}.Release|Any CPU.Build.0 = Release|Any CPU
		{C83AB39A-5D53-4AFE-BA4A-5A3626AC9CB7}.Debug|Any CPU.ActiveCfg = Debug|Any CPU
		{C83AB39A-5D53-4AFE-BA4A-5A3626AC9CB7}.Debug|Any CPU.Build.0 = Debug|Any CPU
		{C83AB39A-5D53-4AFE-BA4A-5A3626AC9CB7}.Release|Any CPU.ActiveCfg = Release|Any CPU
		{C83AB39A-5D53-4AFE-BA4A-5A3626AC9CB7}.Release|Any CPU.Build.0 = Release|Any CPU
	EndGlobalSection
	GlobalSection(SolutionProperties) = preSolution
		HideSolutionNode = FALSE
	EndGlobalSection
	GlobalSection(NestedProjects) = preSolution
		{844B68FF-ED3E-427A-BC3C-DFDF1E52EB7F} = {A9EB5514-08AF-47DC-A4D1-45E6D584D138}
		{AEAE5428-81E1-433C-993E-3F9152DF33E5} = {A9EB5514-08AF-47DC-A4D1-45E6D584D138}
		{E6F40C75-708F-4251-A56B-538AC75E8DCA} = {A9EB5514-08AF-47DC-A4D1-45E6D584D138}
		{4C2E8CF4-E6DA-4BBC-9354-16E6D2C47E69} = {8AB25D66-9B69-40F8-A89F-3186D64B95F9}
		{FDC3399D-4ACC-423A-BA7A-713312CC2CEF} = {8AB25D66-9B69-40F8-A89F-3186D64B95F9}
		{DEE82AD3-2C06-4B72-B3FD-3F1F6E2CE1D5} = {8AB25D66-9B69-40F8-A89F-3186D64B95F9}
	EndGlobalSection
	GlobalSection(ExtensibilityGlobals) = postSolution
		SolutionGuid = {FE291980-1DDD-4FBB-B375-95427C077102}
	EndGlobalSection
EndGlobal
